
Microsoft Visual Studio Solution File, Format Version 12.00
# Visual Studio Version 17
VisualStudioVersion = 17.4.33205.214
MinimumVisualStudioVersion = 10.0.40219.1
Project("{9A19103F-16F7-4668-BE54-9A1E7A4F7556}") = "TDDStudy", "TDDStudy\TDDStudy.csproj", "{F195FA0A-DD9C-4A50-A5CB-0E4B5A4895A0}"
EndProject
Project("{9A19103F-16F7-4668-BE54-9A1E7A4F7556}") = "TDDStudyTest", "TDDStudyTest\TDDStudyTest.csproj", "{8BFEEC4A-1B44-46F9-A985-18A411F6076E}"
EndProject
Global
	GlobalSection(SolutionConfigurationPlatforms) = preSolution
		Debug|Any CPU = Debug|Any CPU
		Release|Any CPU = Release|Any CPU
	EndGlobalSection
	GlobalSection(ProjectConfigurationPlatforms) = postSolution
		{F195FA0A-DD9C-4A50-A5CB-0E4B5A4895A0}.Debug|Any CPU.ActiveCfg = Debug|Any CPU
		{F195FA0A-DD9C-4A50-A5CB-0E4B5A4895A0}.Debug|Any CPU.Build.0 = Debug|Any CPU
		{F195FA0A-DD9C-4A50-A5CB-0E4B5A4895A0}.Release|Any CPU.ActiveCfg = Release|Any CPU
		{F195FA0A-DD9C-4A50-A5CB-0E4B5A4895A0}.Release|Any CPU.Build.0 = Release|Any CPU
		{8BFEEC4A-1B44-46F9-A985-18A411F6076E}.Debug|Any CPU.ActiveCfg = Debug|Any CPU
		{8BFEEC4A-1B44-46F9-A985-18A411F6076E}.Debug|Any CPU.Build.0 = Debug|Any CPU
		{8BFEEC4A-1B44-46F9-A985-18A411F6076E}.Release|Any CPU.ActiveCfg = Release|Any CPU
		{8BFEEC4A-1B44-46F9-A985-18A411F6076E}.Release|Any CPU.Build.0 = Release|Any CPU
	EndGlobalSection
	GlobalSection(SolutionProperties) = preSolution
		HideSolutionNode = FALSE
	EndGlobalSection
	GlobalSection(ExtensibilityGlobals) = postSolution
		SolutionGuid = {B8673E2B-7CBB-46DB-AD8A-14024629DC39}
	EndGlobalSection
EndGlobal
