
Microsoft Visual Studio Solution File, Format Version 12.00
# Visual Studio Version 17
VisualStudioVersion = 17.4.33205.214
MinimumVisualStudioVersion = 10.0.40219.1
Project("{FAE04EC0-301F-11D3-BF4B-00C04F79EFBC}") = "tdd-study", "tdd-study\tdd-study.csproj", "{D941CFFD-6E1D-40E5-B875-0A0F5CFA3063}"
EndProject
Global
	GlobalSection(SolutionConfigurationPlatforms) = preSolution
		Debug|Any CPU = Debug|Any CPU
		Release|Any CPU = Release|Any CPU
	EndGlobalSection
	GlobalSection(ProjectConfigurationPlatforms) = postSolution
		{D941CFFD-6E1D-40E5-B875-0A0F5CFA3063}.Debug|Any CPU.ActiveCfg = Debug|Any CPU
		{D941CFFD-6E1D-40E5-B875-0A0F5CFA3063}.Debug|Any CPU.Build.0 = Debug|Any CPU
		{D941CFFD-6E1D-40E5-B875-0A0F5CFA3063}.Release|Any CPU.ActiveCfg = Release|Any CPU
		{D941CFFD-6E1D-40E5-B875-0A0F5CFA3063}.Release|Any CPU.Build.0 = Release|Any CPU
	EndGlobalSection
	GlobalSection(SolutionProperties) = preSolution
		HideSolutionNode = FALSE
	EndGlobalSection
	GlobalSection(ExtensibilityGlobals) = postSolution
		SolutionGuid = {642FFF8A-C5F4-45F8-B228-CB250D594109}
	EndGlobalSection
EndGlobal
